// !$*UTF8*$!
{
	archiveVersion = 1;
	classes = {
	};
	objectVersion = 50;
	objects = {

/* Begin PBXBuildFile section */
		BCD6D0A82331A2B5008BE5D3 /* DetailViewController.swift in Sources */ = {isa = PBXBuildFile; fileRef = BCD6D0A72331A2B5008BE5D3 /* DetailViewController.swift */; };
		BCF48FAD232866AA000AB14C /* AppDelegate.swift in Sources */ = {isa = PBXBuildFile; fileRef = BCF48FAC232866AA000AB14C /* AppDelegate.swift */; };
		BCF48FAF232866AA000AB14C /* ViewController.swift in Sources */ = {isa = PBXBuildFile; fileRef = BCF48FAE232866AA000AB14C /* ViewController.swift */; };
		BCF48FB2232866AA000AB14C /* Main.storyboard in Resources */ = {isa = PBXBuildFile; fileRef = BCF48FB0232866AA000AB14C /* Main.storyboard */; };
		BCF48FB4232866AA000AB14C /* Assets.xcassets in Resources */ = {isa = PBXBuildFile; fileRef = BCF48FB3232866AA000AB14C /* Assets.xcassets */; };
		BCF48FB7232866AA000AB14C /* LaunchScreen.storyboard in Resources */ = {isa = PBXBuildFile; fileRef = BCF48FB5232866AA000AB14C /* LaunchScreen.storyboard */; };
		BCF48FC923286892000AB14C /* nssl0049.jpg in Resources */ = {isa = PBXBuildFile; fileRef = BCF48FBF23286892000AB14C /* nssl0049.jpg */; };
		BCF48FCA23286892000AB14C /* nssl0046.jpg in Resources */ = {isa = PBXBuildFile; fileRef = BCF48FC023286892000AB14C /* nssl0046.jpg */; };
		BCF48FCB23286892000AB14C /* nssl0091.jpg in Resources */ = {isa = PBXBuildFile; fileRef = BCF48FC123286892000AB14C /* nssl0091.jpg */; };
		BCF48FCC23286892000AB14C /* nssl0045.jpg in Resources */ = {isa = PBXBuildFile; fileRef = BCF48FC223286892000AB14C /* nssl0045.jpg */; };
		BCF48FCD23286892000AB14C /* nssl0051.jpg in Resources */ = {isa = PBXBuildFile; fileRef = BCF48FC323286892000AB14C /* nssl0051.jpg */; };
		BCF48FCE23286892000AB14C /* nssl0041.jpg in Resources */ = {isa = PBXBuildFile; fileRef = BCF48FC423286892000AB14C /* nssl0041.jpg */; };
		BCF48FCF23286892000AB14C /* nssl0042.jpg in Resources */ = {isa = PBXBuildFile; fileRef = BCF48FC523286892000AB14C /* nssl0042.jpg */; };
		BCF48FD023286892000AB14C /* nssl0043.jpg in Resources */ = {isa = PBXBuildFile; fileRef = BCF48FC623286892000AB14C /* nssl0043.jpg */; };
		BCF48FD123286892000AB14C /* nssl0033.jpg in Resources */ = {isa = PBXBuildFile; fileRef = BCF48FC723286892000AB14C /* nssl0033.jpg */; };
		BCF48FD223286892000AB14C /* nssl0034.jpg in Resources */ = {isa = PBXBuildFile; fileRef = BCF48FC823286892000AB14C /* nssl0034.jpg */; };
/* End PBXBuildFile section */

/* Begin PBXFileReference section */
		BCD6D0A72331A2B5008BE5D3 /* DetailViewController.swift */ = {isa = PBXFileReference; lastKnownFileType = sourcecode.swift; path = DetailViewController.swift; sourceTree = "<group>"; };
		BCF48FA9232866AA000AB14C /* stormViewer.app */ = {isa = PBXFileReference; explicitFileType = wrapper.application; includeInIndex = 0; path = stormViewer.app; sourceTree = BUILT_PRODUCTS_DIR; };
		BCF48FAC232866AA000AB14C /* AppDelegate.swift */ = {isa = PBXFileReference; lastKnownFileType = sourcecode.swift; path = AppDelegate.swift; sourceTree = "<group>"; };
		BCF48FAE232866AA000AB14C /* ViewController.swift */ = {isa = PBXFileReference; lastKnownFileType = sourcecode.swift; path = ViewController.swift; sourceTree = "<group>"; };
		BCF48FB1232866AA000AB14C /* Base */ = {isa = PBXFileReference; lastKnownFileType = file.storyboard; name = Base; path = Base.lproj/Main.storyboard; sourceTree = "<group>"; };
		BCF48FB3232866AA000AB14C /* Assets.xcassets */ = {isa = PBXFileReference; lastKnownFileType = folder.assetcatalog; path = Assets.xcassets; sourceTree = "<group>"; };
		BCF48FB6232866AA000AB14C /* Base */ = {isa = PBXFileReference; lastKnownFileType = file.storyboard; name = Base; path = Base.lproj/LaunchScreen.storyboard; sourceTree = "<group>"; };
		BCF48FB8232866AA000AB14C /* Info.plist */ = {isa = PBXFileReference; lastKnownFileType = text.plist.xml; path = Info.plist; sourceTree = "<group>"; };
		BCF48FBF23286892000AB14C /* nssl0049.jpg */ = {isa = PBXFileReference; lastKnownFileType = image.jpeg; path = nssl0049.jpg; sourceTree = "<group>"; };
		BCF48FC023286892000AB14C /* nssl0046.jpg */ = {isa = PBXFileReference; lastKnownFileType = image.jpeg; path = nssl0046.jpg; sourceTree = "<group>"; };
		BCF48FC123286892000AB14C /* nssl0091.jpg */ = {isa = PBXFileReference; lastKnownFileType = image.jpeg; path = nssl0091.jpg; sourceTree = "<group>"; };
		BCF48FC223286892000AB14C /* nssl0045.jpg */ = {isa = PBXFileReference; lastKnownFileType = image.jpeg; path = nssl0045.jpg; sourceTree = "<group>"; };
		BCF48FC323286892000AB14C /* nssl0051.jpg */ = {isa = PBXFileReference; lastKnownFileType = image.jpeg; path = nssl0051.jpg; sourceTree = "<group>"; };
		BCF48FC423286892000AB14C /* nssl0041.jpg */ = {isa = PBXFileReference; lastKnownFileType = image.jpeg; path = nssl0041.jpg; sourceTree = "<group>"; };
		BCF48FC523286892000AB14C /* nssl0042.jpg */ = {isa = PBXFileReference; lastKnownFileType = image.jpeg; path = nssl0042.jpg; sourceTree = "<group>"; };
		BCF48FC623286892000AB14C /* nssl0043.jpg */ = {isa = PBXFileReference; lastKnownFileType = image.jpeg; path = nssl0043.jpg; sourceTree = "<group>"; };
		BCF48FC723286892000AB14C /* nssl0033.jpg */ = {isa = PBXFileReference; lastKnownFileType = image.jpeg; path = nssl0033.jpg; sourceTree = "<group>"; };
		BCF48FC823286892000AB14C /* nssl0034.jpg */ = {isa = PBXFileReference; lastKnownFileType = image.jpeg; path = nssl0034.jpg; sourceTree = "<group>"; };
/* End PBXFileReference section */

/* Begin PBXFrameworksBuildPhase section */
		BCF48FA6232866AA000AB14C /* Frameworks */ = {
			isa = PBXFrameworksBuildPhase;
			buildActionMask = 2147483647;
			files = (
			);
			runOnlyForDeploymentPostprocessing = 0;
		};
/* End PBXFrameworksBuildPhase section */

/* Begin PBXGroup section */
		BCF48FA0232866AA000AB14C = {
			isa = PBXGroup;
			children = (
				BCF48FAB232866AA000AB14C /* stormViewer */,
				BCF48FAA232866AA000AB14C /* Products */,
			);
			sourceTree = "<group>";
		};
		BCF48FAA232866AA000AB14C /* Products */ = {
			isa = PBXGroup;
			children = (
				BCF48FA9232866AA000AB14C /* stormViewer.app */,
			);
			name = Products;
			sourceTree = "<group>";
		};
		BCF48FAB232866AA000AB14C /* stormViewer */ = {
			isa = PBXGroup;
			children = (
				BCF48FAC232866AA000AB14C /* AppDelegate.swift */,
				BCF48FAE232866AA000AB14C /* ViewController.swift */,
				BCF48FB0232866AA000AB14C /* Main.storyboard */,
				BCF48FB3232866AA000AB14C /* Assets.xcassets */,
				BCF48FB5232866AA000AB14C /* LaunchScreen.storyboard */,
				BCF48FB8232866AA000AB14C /* Info.plist */,
				BCF48FBE23286892000AB14C /* Content */,
				BCD6D0A72331A2B5008BE5D3 /* DetailViewController.swift */,
			);
			path = stormViewer;
			sourceTree = "<group>";
		};
		BCF48FBE23286892000AB14C /* Content */ = {
			isa = PBXGroup;
			children = (
				BCF48FBF23286892000AB14C /* nssl0049.jpg */,
				BCF48FC023286892000AB14C /* nssl0046.jpg */,
				BCF48FC123286892000AB14C /* nssl0091.jpg */,
				BCF48FC223286892000AB14C /* nssl0045.jpg */,
				BCF48FC323286892000AB14C /* nssl0051.jpg */,
				BCF48FC423286892000AB14C /* nssl0041.jpg */,
				BCF48FC523286892000AB14C /* nssl0042.jpg */,
				BCF48FC623286892000AB14C /* nssl0043.jpg */,
				BCF48FC723286892000AB14C /* nssl0033.jpg */,
				BCF48FC823286892000AB14C /* nssl0034.jpg */,
			);
			path = Content;
			sourceTree = "<group>";
		};
/* End PBXGroup section */

/* Begin PBXNativeTarget section */
		BCF48FA8232866AA000AB14C /* stormViewer */ = {
			isa = PBXNativeTarget;
			buildConfigurationList = BCF48FBB232866AA000AB14C /* Build configuration list for PBXNativeTarget "stormViewer" */;
			buildPhases = (
				BCF48FA5232866AA000AB14C /* Sources */,
				BCF48FA6232866AA000AB14C /* Frameworks */,
				BCF48FA7232866AA000AB14C /* Resources */,
			);
			buildRules = (
			);
			dependencies = (
			);
			name = stormViewer;
			productName = stormViewer;
			productReference = BCF48FA9232866AA000AB14C /* stormViewer.app */;
			productType = "com.apple.product-type.application";
		};
/* End PBXNativeTarget section */

/* Begin PBXProject section */
		BCF48FA1232866AA000AB14C /* Project object */ = {
			isa = PBXProject;
			attributes = {
				LastSwiftUpdateCheck = 1030;
				LastUpgradeCheck = 1030;
				ORGANIZATIONNAME = "2020-1";
				TargetAttributes = {
					BCF48FA8232866AA000AB14C = {
						CreatedOnToolsVersion = 10.3;
					};
				};
			};
			buildConfigurationList = BCF48FA4232866AA000AB14C /* Build configuration list for PBXProject "stormViewer" */;
			compatibilityVersion = "Xcode 9.3";
			developmentRegion = en;
			hasScannedForEncodings = 0;
			knownRegions = (
				en,
				Base,
			);
			mainGroup = BCF48FA0232866AA000AB14C;
			productRefGroup = BCF48FAA232866AA000AB14C /* Products */;
			projectDirPath = "";
			projectRoot = "";
			targets = (
				BCF48FA8232866AA000AB14C /* stormViewer */,
			);
		};
/* End PBXProject section */

/* Begin PBXResourcesBuildPhase section */
		BCF48FA7232866AA000AB14C /* Resources */ = {
			isa = PBXResourcesBuildPhase;
			buildActionMask = 2147483647;
			files = (
				BCF48FCA23286892000AB14C /* nssl0046.jpg in Resources */,
				BCF48FD123286892000AB14C /* nssl0033.jpg in Resources */,
				BCF48FCD23286892000AB14C /* nssl0051.jpg in Resources */,
				BCF48FCB23286892000AB14C /* nssl0091.jpg in Resources */,
				BCF48FD023286892000AB14C /* nssl0043.jpg in Resources */,
				BCF48FD223286892000AB14C /* nssl0034.jpg in Resources */,
				BCF48FC923286892000AB14C /* nssl0049.jpg in Resources */,
				BCF48FCE23286892000AB14C /* nssl0041.jpg in Resources */,
				BCF48FCF23286892000AB14C /* nssl0042.jpg in Resources */,
				BCF48FB7232866AA000AB14C /* LaunchScreen.storyboard in Resources */,
				BCF48FB4232866AA000AB14C /* Assets.xcassets in Resources */,
				BCF48FCC23286892000AB14C /* nssl0045.jpg in Resources */,
				BCF48FB2232866AA000AB14C /* Main.storyboard in Resources */,
			);
			runOnlyForDeploymentPostprocessing = 0;
		};
/* End PBXResourcesBuildPhase section */

/* Begin PBXSourcesBuildPhase section */
		BCF48FA5232866AA000AB14C /* Sources */ = {
			isa = PBXSourcesBuildPhase;
			buildActionMask = 2147483647;
			files = (
				BCD6D0A82331A2B5008BE5D3 /* DetailViewController.swift in Sources */,
				BCF48FAF232866AA000AB14C /* ViewController.swift in Sources */,
				BCF48FAD232866AA000AB14C /* AppDelegate.swift in Sources */,
			);
			runOnlyForDeploymentPostprocessing = 0;
		};
/* End PBXSourcesBuildPhase section */

/* Begin PBXVariantGroup section */
		BCF48FB0232866AA000AB14C /* Main.storyboard */ = {
			isa = PBXVariantGroup;
			children = (
				BCF48FB1232866AA000AB14C /* Base */,
			);
			name = Main.storyboard;
			sourceTree = "<group>";
		};
		BCF48FB5232866AA000AB14C /* LaunchScreen.storyboard */ = {
			isa = PBXVariantGroup;
			children = (
				BCF48FB6232866AA000AB14C /* Base */,
			);
			name = LaunchScreen.storyboard;
			sourceTree = "<group>";
		};
/* End PBXVariantGroup section */

/* Begin XCBuildConfiguration section */
		BCF48FB9232866AA000AB14C /* Debug */ = {
			isa = XCBuildConfiguration;
			buildSettings = {
				ALWAYS_SEARCH_USER_PATHS = NO;
				CLANG_ANALYZER_NONNULL = YES;
				CLANG_ANALYZER_NUMBER_OBJECT_CONVERSION = YES_AGGRESSIVE;
				CLANG_CXX_LANGUAGE_STANDARD = "gnu++14";
				CLANG_CXX_LIBRARY = "libc++";
				CLANG_ENABLE_MODULES = YES;
				CLANG_ENABLE_OBJC_ARC = YES;
				CLANG_ENABLE_OBJC_WEAK = YES;
				CLANG_WARN_BLOCK_CAPTURE_AUTORELEASING = YES;
				CLANG_WARN_BOOL_CONVERSION = YES;
				CLANG_WARN_COMMA = YES;
				CLANG_WARN_CONSTANT_CONVERSION = YES;
				CLANG_WARN_DEPRECATED_OBJC_IMPLEMENTATIONS = YES;
				CLANG_WARN_DIRECT_OBJC_ISA_USAGE = YES_ERROR;
				CLANG_WARN_DOCUMENTATION_COMMENTS = YES;
				CLANG_WARN_EMPTY_BODY = YES;
				CLANG_WARN_ENUM_CONVERSION = YES;
				CLANG_WARN_INFINITE_RECURSION = YES;
				CLANG_WARN_INT_CONVERSION = YES;
				CLANG_WARN_NON_LITERAL_NULL_CONVERSION = YES;
				CLANG_WARN_OBJC_IMPLICIT_RETAIN_SELF = YES;
				CLANG_WARN_OBJC_LITERAL_CONVERSION = YES;
				CLANG_WARN_OBJC_ROOT_CLASS = YES_ERROR;
				CLANG_WARN_RANGE_LOOP_ANALYSIS = YES;
				CLANG_WARN_STRICT_PROTOTYPES = YES;
				CLANG_WARN_SUSPICIOUS_MOVE = YES;
				CLANG_WARN_UNGUARDED_AVAILABILITY = YES_AGGRESSIVE;
				CLANG_WARN_UNREACHABLE_CODE = YES;
				CLANG_WARN__DUPLICATE_METHOD_MATCH = YES;
				CODE_SIGN_IDENTITY = "iPhone Developer";
				COPY_PHASE_STRIP = NO;
				DEBUG_INFORMATION_FORMAT = dwarf;
				ENABLE_STRICT_OBJC_MSGSEND = YES;
				ENABLE_TESTABILITY = YES;
				GCC_C_LANGUAGE_STANDARD = gnu11;
				GCC_DYNAMIC_NO_PIC = NO;
				GCC_NO_COMMON_BLOCKS = YES;
				GCC_OPTIMIZATION_LEVEL = 0;
				GCC_PREPROCESSOR_DEFINITIONS = (
					"DEBUG=1",
					"$(inherited)",
				);
				GCC_WARN_64_TO_32_BIT_CONVERSION = YES;
				GCC_WARN_ABOUT_RETURN_TYPE = YES_ERROR;
				GCC_WARN_UNDECLARED_SELECTOR = YES;
				GCC_WARN_UNINITIALIZED_AUTOS = YES_AGGRESSIVE;
				GCC_WARN_UNUSED_FUNCTION = YES;
				GCC_WARN_UNUSED_VARIABLE = YES;
				IPHONEOS_DEPLOYMENT_TARGET = 12.4;
				MTL_ENABLE_DEBUG_INFO = INCLUDE_SOURCE;
				MTL_FAST_MATH = YES;
				ONLY_ACTIVE_ARCH = YES;
				SDKROOT = iphoneos;
				SWIFT_ACTIVE_COMPILATION_CONDITIONS = DEBUG;
				SWIFT_OPTIMIZATION_LEVEL = "-Onone";
			};
			name = Debug;
		};
		BCF48FBA232866AA000AB14C /* Release */ = {
			isa = XCBuildConfiguration;
			buildSettings = {
				ALWAYS_SEARCH_USER_PATHS = NO;
				CLANG_ANALYZER_NONNULL = YES;
				CLANG_ANALYZER_NUMBER_OBJECT_CONVERSION = YES_AGGRESSIVE;
				CLANG_CXX_LANGUAGE_STANDARD = "gnu++14";
				CLANG_CXX_LIBRARY = "libc++";
				CLANG_ENABLE_MODULES = YES;
				CLANG_ENABLE_OBJC_ARC = YES;
				CLANG_ENABLE_OBJC_WEAK = YES;
				CLANG_WARN_BLOCK_CAPTURE_AUTORELEASING = YES;
				CLANG_WARN_BOOL_CONVERSION = YES;
				CLANG_WARN_COMMA = YES;
				CLANG_WARN_CONSTANT_CONVERSION = YES;
				CLANG_WARN_DEPRECATED_OBJC_IMPLEMENTATIONS = YES;
				CLANG_WARN_DIRECT_OBJC_ISA_USAGE = YES_ERROR;
				CLANG_WARN_DOCUMENTATION_COMMENTS = YES;
				CLANG_WARN_EMPTY_BODY = YES;
				CLANG_WARN_ENUM_CONVERSION = YES;
				CLANG_WARN_INFINITE_RECURSION = YES;
				CLANG_WARN_INT_CONVERSION = YES;
				CLANG_WARN_NON_LITERAL_NULL_CONVERSION = YES;
				CLANG_WARN_OBJC_IMPLICIT_RETAIN_SELF = YES;
				CLANG_WARN_OBJC_LITERAL_CONVERSION = YES;
				CLANG_WARN_OBJC_ROOT_CLASS = YES_ERROR;
				CLANG_WARN_RANGE_LOOP_ANALYSIS = YES;
				CLANG_WARN_STRICT_PROTOTYPES = YES;
				CLANG_WARN_SUSPICIOUS_MOVE = YES;
				CLANG_WARN_UNGUARDED_AVAILABILITY = YES_AGGRESSIVE;
				CLANG_WARN_UNREACHABLE_CODE = YES;
				CLANG_WARN__DUPLICATE_METHOD_MATCH = YES;
				CODE_SIGN_IDENTITY = "iPhone Developer";
				COPY_PHASE_STRIP = NO;
				DEBUG_INFORMATION_FORMAT = "dwarf-with-dsym";
				ENABLE_NS_ASSERTIONS = NO;
				ENABLE_STRICT_OBJC_MSGSEND = YES;
				GCC_C_LANGUAGE_STANDARD = gnu11;
				GCC_NO_COMMON_BLOCKS = YES;
				GCC_WARN_64_TO_32_BIT_CONVERSION = YES;
				GCC_WARN_ABOUT_RETURN_TYPE = YES_ERROR;
				GCC_WARN_UNDECLARED_SELECTOR = YES;
				GCC_WARN_UNINITIALIZED_AUTOS = YES_AGGRESSIVE;
				GCC_WARN_UNUSED_FUNCTION = YES;
				GCC_WARN_UNUSED_VARIABLE = YES;
				IPHONEOS_DEPLOYMENT_TARGET = 12.4;
				MTL_ENABLE_DEBUG_INFO = NO;
				MTL_FAST_MATH = YES;
				SDKROOT = iphoneos;
				SWIFT_COMPILATION_MODE = wholemodule;
				SWIFT_OPTIMIZATION_LEVEL = "-O";
				VALIDATE_PRODUCT = YES;
			};
			name = Release;
		};
		BCF48FBC232866AA000AB14C /* Debug */ = {
			isa = XCBuildConfiguration;
			buildSettings = {
				ASSETCATALOG_COMPILER_APPICON_NAME = AppIcon;
				CODE_SIGN_STYLE = Automatic;
				INFOPLIST_FILE = stormViewer/Info.plist;
				LD_RUNPATH_SEARCH_PATHS = (
					"$(inherited)",
					"@executable_path/Frameworks",
				);
				PRODUCT_BUNDLE_IDENTIFIER = UNAM.stormViewer;
				PRODUCT_NAME = "$(TARGET_NAME)";
				SWIFT_VERSION = 5.0;
				TARGETED_DEVICE_FAMILY = "1,2";
			};
			name = Debug;
		};
		BCF48FBD232866AA000AB14C /* Release */ = {
			isa = XCBuildConfiguration;
			buildSettings = {
				ASSETCATALOG_COMPILER_APPICON_NAME = AppIcon;
				CODE_SIGN_STYLE = Automatic;
				INFOPLIST_FILE = stormViewer/Info.plist;
				LD_RUNPATH_SEARCH_PATHS = (
					"$(inherited)",
					"@executable_path/Frameworks",
				);
				PRODUCT_BUNDLE_IDENTIFIER = UNAM.stormViewer;
				PRODUCT_NAME = "$(TARGET_NAME)";
				SWIFT_VERSION = 5.0;
				TARGETED_DEVICE_FAMILY = "1,2";
			};
			name = Release;
		};
/* End XCBuildConfiguration section */

/* Begin XCConfigurationList section */
		BCF48FA4232866AA000AB14C /* Build configuration list for PBXProject "stormViewer" */ = {
			isa = XCConfigurationList;
			buildConfigurations = (
				BCF48FB9232866AA000AB14C /* Debug */,
				BCF48FBA232866AA000AB14C /* Release */,
			);
			defaultConfigurationIsVisible = 0;
			defaultConfigurationName = Release;
		};
		BCF48FBB232866AA000AB14C /* Build configuration list for PBXNativeTarget "stormViewer" */ = {
			isa = XCConfigurationList;
			buildConfigurations = (
				BCF48FBC232866AA000AB14C /* Debug */,
				BCF48FBD232866AA000AB14C /* Release */,
			);
			defaultConfigurationIsVisible = 0;
			defaultConfigurationName = Release;
		};
/* End XCConfigurationList section */
	};
	rootObject = BCF48FA1232866AA000AB14C /* Project object */;
}
